
Microsoft Visual Studio Solution File, Format Version 12.00
# Visual Studio Version 17
VisualStudioVersion = 17.5.33516.290
MinimumVisualStudioVersion = 10.0.40219.1
Project("{9A19103F-16F7-4668-BE54-9A1E7A4F7556}") = "PortfolioApi", "PortfolioApi.csproj", "{AA408591-C592-42DB-8236-7E0A5E82C2BE}"
EndProject
Global
	GlobalSection(SolutionConfigurationPlatforms) = preSolution
		Debug|Any CPU = Debug|Any CPU
		Release|Any CPU = Release|Any CPU
	EndGlobalSection
	GlobalSection(ProjectConfigurationPlatforms) = postSolution
		{AA408591-C592-42DB-8236-7E0A5E82C2BE}.Debug|Any CPU.ActiveCfg = Debug|Any CPU
		{AA408591-C592-42DB-8236-7E0A5E82C2BE}.Debug|Any CPU.Build.0 = Debug|Any CPU
		{AA408591-C592-42DB-8236-7E0A5E82C2BE}.Release|Any CPU.ActiveCfg = Release|Any CPU
		{AA408591-C592-42DB-8236-7E0A5E82C2BE}.Release|Any CPU.Build.0 = Release|Any CPU
	EndGlobalSection
	GlobalSection(SolutionProperties) = preSolution
		HideSolutionNode = FALSE
	EndGlobalSection
	GlobalSection(ExtensibilityGlobals) = postSolution
		SolutionGuid = {6DCD7BC1-0720-47F0-A946-8001086FCE95}
	EndGlobalSection
EndGlobal
